# THIS IS AN AUTOGENERATED FILE. DO NOT EDIT THIS FILE DIRECTLY.
# yarn lockfile v1


"@ar.io/sdk@4.0.2":
  version "4.0.2"
  resolved "https://registry.npmjs.org/@ar.io/sdk/-/sdk-4.0.2.tgz"
  integrity sha512-jECDYNG8NaJ50tH2SeI0LXe2DguQFqs+A9uUoffgoMhB/8eQAFFaw06knI7rC3uiNFd1eftWB0FSPh+d+Zgbxw==
  dependencies:
    "@ar.io/solana-contracts" "1.0.0"
    "@noble/hashes" "^1.8.0"
    "@solana-program/address-lookup-table" "^0.11.0"
    "@solana-program/compute-budget" "^0.15.0"
    "@solana-program/token" "^0.13.0"
    "@solana/kit" "^6.8.0"
    bs58 "^6.0.0"
    commander "^12.1.0"
    opossum "^9.0.0"
    prompts "^2.4.2"
    zod "^3.25.76"

"@ar.io/solana-contracts@1.0.0":
  version "1.0.0"
  resolved "https://registry.npmjs.org/@ar.io/solana-contracts/-/solana-contracts-1.0.0.tgz"
  integrity sha512-/rmxIyViK9USkedcn4zrHWkg+tGBE160PSbJ2xwEcugtXDSOf5Cc0E6R8YoG7HT5oKkU0QY1QEeSeVvcYgMYBQ==
  dependencies:
    "@noble/hashes" "^1.5.0"
    bs58 "^6.0.0"

"@esbuild/win32-x64@0.21.5":
  version "0.21.5"
  resolved "https://registry.npmjs.org/@esbuild/win32-x64/-/win32-x64-0.21.5.tgz"
  integrity sha512-tQd/1efJuzPC6rCFwEvLtci/xNFcTZknmXs98FYDfGE4wP9ClFV98nyKrzJKVPMhdDnjzLhdUyMX4PsQAPjwIw==

"@noble/hashes@^1.5.0", "@noble/hashes@^1.8.0":
  version "1.8.0"
  resolved "https://registry.npmjs.org/@noble/hashes/-/hashes-1.8.0.tgz"
  integrity sha512-jCs9ldd7NwzpgXDIf6P3+NrHh9/sD6CQdxHyjQI+h/6rDNo88ypBxxz45UDuZHz9r3tNz7N/VInSVoVdtXEI4A==

"@solana-program/address-lookup-table@^0.11.0":
  version "0.11.0"
  resolved "https://registry.npmjs.org/@solana-program/address-lookup-table/-/address-lookup-table-0.11.0.tgz"
  integrity sha512-loC6VTEhmhYSq2ElZrv+V9uHp/Te6A7rllLIArk9c3A5+5V7sRhVsxZvsPGcv/WMXLgqmXR+Vl7WF7QSV3tXNQ==

"@solana-program/compute-budget@^0.15.0":
  version "0.15.0"
  resolved "https://registry.npmjs.org/@solana-program/compute-budget/-/compute-budget-0.15.0.tgz"
  integrity sha512-toejNdIkzpUTqLSIzP0Nofr/EFel8QpPWuTtIKzfCcjn+mXpkThHxPJaNesk251rSTiWaxDZ3WxG7RxYwTWTqA==

"@solana-program/system@^0.12.0":
  version "0.12.2"
  resolved "https://registry.npmjs.org/@solana-program/system/-/system-0.12.2.tgz"
  integrity sha512-MaBeOxlvTruQhA7UYkOb3hVTEHPPagOtd+PvTm6a8rGgvEAP0kD4BbC37NceOaR4ABNqdaCmD5OMVRKgrE6KAg==

"@solana-program/token@^0.13.0":
  version "0.13.0"
  resolved "https://registry.npmjs.org/@solana-program/token/-/token-0.13.0.tgz"
  integrity sha512-/Apjrd5lwOJGrPB0J5Rv7EBeclvyEBQPAGA85Scm7wBH+GpkbdLDM9uK3TNg8jjFKyWQYai/JtPHbrx7VgFLSg==
  dependencies:
    "@solana-program/system" "^0.12.0"

"@solana/accounts@6.9.0":
  version "6.9.0"
  resolved "https://registry.npmjs.org/@solana/accounts/-/accounts-6.9.0.tgz"
  integrity sha512-g36AJreJrgf9AAjOfbdFHEFUTymBgzbWHoEDElZ+fDKvqBINDiUVKzDApwc7C7kGPMFqQBaoEHnQRxf2IqfKZQ==
  dependencies:
    "@solana/addresses" "6.9.0"
    "@solana/codecs-core" "6.9.0"
    "@solana/codecs-strings" "6.9.0"
    "@solana/errors" "6.9.0"
    "@solana/rpc-spec" "6.9.0"
    "@solana/rpc-types" "6.9.0"

"@solana/addresses@6.9.0":
  version "6.9.0"
  resolved "https://registry.npmjs.org/@solana/addresses/-/addresses-6.9.0.tgz"
  integrity sha512-tWnG2L6lo/ZhcMT019F3myDsH87MM8EZbTO0cgwgvVPlEdIGblROFF3tGVrb7FVCOlbPI0ONCFyPbnrmR58LsA==
  dependencies:
    "@solana/assertions" "6.9.0"
    "@solana/codecs-core" "6.9.0"
    "@solana/codecs-strings" "6.9.0"
    "@solana/errors" "6.9.0"
    "@solana/nominal-types" "6.9.0"

"@solana/assertions@6.9.0":
  version "6.9.0"
  resolved "https://registry.npmjs.org/@solana/assertions/-/assertions-6.9.0.tgz"
  integrity sha512-FjWWD6e0in+HFsHMvU2zKCbyPfKtDW6iGXZZ9+Qg1QUYpO1AEObsya3F7hb9RkZKUueK4WwWAQnIuvEUp3A1uA==
  dependencies:
    "@solana/errors" "6.9.0"

"@solana/codecs-core@6.9.0":
  version "6.9.0"
  resolved "https://registry.npmjs.org/@solana/codecs-core/-/codecs-core-6.9.0.tgz"
  integrity sha512-F2BmLecG/1nTtnjyD509NsEc254pxJKa2bpvotymv1lL1WfEn3zchcZ9SMIiLyL4G6J8b9F3OKIq2YSZho2AOQ==
  dependencies:
    "@solana/errors" "6.9.0"

"@solana/codecs-data-structures@6.9.0":
  version "6.9.0"
  resolved "https://registry.npmjs.org/@solana/codecs-data-structures/-/codecs-data-structures-6.9.0.tgz"
  integrity sha512-f7GYtiHafvJDhqiwzUUSr/6AYSK4DCw6quPmA80NZGtkNiFa+g6LoJy2wbC0wp2dxvCwNpxf6x3ILCYRutAvvg==
  dependencies:
    "@solana/codecs-core" "6.9.0"
    "@solana/codecs-numbers" "6.9.0"
    "@solana/errors" "6.9.0"

"@solana/codecs-numbers@6.9.0":
  version "6.9.0"
  resolved "https://registry.npmjs.org/@solana/codecs-numbers/-/codecs-numbers-6.9.0.tgz"
  integrity sha512-XMI0FOHV2h7yPAllxWCX8z+J1msidNjXzN1mRjH5KR6C+vfzyKa2xWHve0bNSV/bjVAhqqhc7dQCpBKuF4+ScQ==
  dependencies:
    "@solana/codecs-core" "6.9.0"
    "@solana/errors" "6.9.0"

"@solana/codecs-strings@6.9.0":
  version "6.9.0"
  resolved "https://registry.npmjs.org/@solana/codecs-strings/-/codecs-strings-6.9.0.tgz"
  integrity sha512-PTqYQxMsmdfEEq29bV1AnALD4FjFEsSxOj1fYNqooOSTEQEpUoYEQtsd55/kBsnIKltXbvYwXYXBusm19n1sQA==
  dependencies:
    "@solana/codecs-core" "6.9.0"
    "@solana/codecs-numbers" "6.9.0"
    "@solana/errors" "6.9.0"

"@solana/codecs@6.9.0":
  version "6.9.0"
  resolved "https://registry.npmjs.org/@solana/codecs/-/codecs-6.9.0.tgz"
  integrity sha512-oWOybKa1PTGI1D/FyrvGKralADM1jmVZC2AtgEo+4JTKG0+i1p9ZbwNY2UcJqdYsDMDaGHAx0LMAid9LDCxXTQ==
  dependencies:
    "@solana/codecs-core" "6.9.0"
    "@solana/codecs-data-structures" "6.9.0"
    "@solana/codecs-numbers" "6.9.0"
    "@solana/codecs-strings" "6.9.0"
    "@solana/fixed-points" "6.9.0"
    "@solana/options" "6.9.0"

"@solana/errors@6.9.0":
  version "6.9.0"
  resolved "https://registry.npmjs.org/@solana/errors/-/errors-6.9.0.tgz"
  integrity sha512-7i+b07KMnkbHvFlz7uWade3jvyc22UmVm8o9taxPK8YV3JNM/NkS8oQFvMac2MIaLPAlEs7I8MHyVLUal1yY4g==
  dependencies:
    chalk "5.6.2"
    commander "14.0.3"

"@solana/fast-stable-stringify@6.9.0":
  version "6.9.0"
  resolved "https://registry.npmjs.org/@solana/fast-stable-stringify/-/fast-stable-stringify-6.9.0.tgz"
  integrity sha512-l14zGVsURbT5Aox/kLFQywqV4VaE9/j3h2EvCu9oULVPMwzQB6yezJb1/KyiDwhm/RscooPd0gFQFIKEGQbayw==

"@solana/fixed-points@6.9.0":
  version "6.9.0"
  resolved "https://registry.npmjs.org/@solana/fixed-points/-/fixed-points-6.9.0.tgz"
  integrity sha512-0K7mbYC4jdAZFlXqXjpNanmEyZxk7K9NtXDLc1zuhGuxwH8J9guvohwdw2V7TQ9bfjCYsprY3Tp2kUVQpECGmA==
  dependencies:
    "@solana/codecs-core" "6.9.0"
    "@solana/errors" "6.9.0"

"@solana/functional@6.9.0":
  version "6.9.0"
  resolved "https://registry.npmjs.org/@solana/functional/-/functional-6.9.0.tgz"
  integrity sha512-sgNHOaIjETZZuziZdlwPsU5EjBVj5M0dUbwrSQTTNZe0SxX3pQ1QFVcs5KyvdS7AQcpBVdLjx4CfQjdKXk52GA==

"@solana/instruction-plans@6.9.0":
  version "6.9.0"
  resolved "https://registry.npmjs.org/@solana/instruction-plans/-/instruction-plans-6.9.0.tgz"
  integrity sha512-SxTSOetEKD+WPzvDuYRsP1+KkwUp8KqL1n7oFx9ThxjyfEY0ly0i9KdbvX5yYVDOA2TSwrltgdu14y/Pf6y3Cg==
  dependencies:
    "@solana/errors" "6.9.0"
    "@solana/instructions" "6.9.0"
    "@solana/keys" "6.9.0"
    "@solana/promises" "6.9.0"
    "@solana/transaction-messages" "6.9.0"
    "@solana/transactions" "6.9.0"

"@solana/instructions@6.9.0":
  version "6.9.0"
  resolved "https://registry.npmjs.org/@solana/instructions/-/instructions-6.9.0.tgz"
  integrity sha512-LZfJx3bGdUSbGaswoOEPHygticqkCg3TusRczPJXyCmKhoQzPCcGQQ99qMzP7Wg8pEV5tWA5t7tycf8E237ydg==
  dependencies:
    "@solana/codecs-core" "6.9.0"
    "@solana/errors" "6.9.0"

"@solana/keys@6.9.0":
  version "6.9.0"
  resolved "https://registry.npmjs.org/@solana/keys/-/keys-6.9.0.tgz"
  integrity sha512-1g2QARiqSjNqT0EIqLDLQ5vRm7hCsbqgFwFAp5GsMV/8BTYT8s1Ct2wLHDZiJ4eAX6beTHVf8LbOBfVejtn3oQ==
  dependencies:
    "@solana/assertions" "6.9.0"
    "@solana/codecs-core" "6.9.0"
    "@solana/codecs-strings" "6.9.0"
    "@solana/errors" "6.9.0"
    "@solana/nominal-types" "6.9.0"
    "@solana/promises" "6.9.0"

"@solana/kit@^6.0", "@solana/kit@^6.3.0", "@solana/kit@^6.4.0", "@solana/kit@^6.5.0", "@solana/kit@^6.8.0", "@solana/kit@>=6 <7":
  version "6.9.0"
  resolved "https://registry.npmjs.org/@solana/kit/-/kit-6.9.0.tgz"
  integrity sha512-k7BRz7Akfv8wiRtlCR/xUyDLfuMfYMelMR1+AC5KgwaRRJReDF0BucMLNN1In7WoI+KuWwr1OKv4na/oKpyeAQ==
  dependencies:
    "@solana/accounts" "6.9.0"
    "@solana/addresses" "6.9.0"
    "@solana/codecs" "6.9.0"
    "@solana/errors" "6.9.0"
    "@solana/functional" "6.9.0"
    "@solana/instruction-plans" "6.9.0"
    "@solana/instructions" "6.9.0"
    "@solana/keys" "6.9.0"
    "@solana/offchain-messages" "6.9.0"
    "@solana/plugin-core" "6.9.0"
    "@solana/plugin-interfaces" "6.9.0"
    "@solana/program-client-core" "6.9.0"
    "@solana/programs" "6.9.0"
    "@solana/rpc" "6.9.0"
    "@solana/rpc-api" "6.9.0"
    "@solana/rpc-parsed-types" "6.9.0"
    "@solana/rpc-spec-types" "6.9.0"
    "@solana/rpc-subscriptions" "6.9.0"
    "@solana/rpc-types" "6.9.0"
    "@solana/signers" "6.9.0"
    "@solana/subscribable" "6.9.0"
    "@solana/sysvars" "6.9.0"
    "@solana/transaction-confirmation" "6.9.0"
    "@solana/transaction-messages" "6.9.0"
    "@solana/transactions" "6.9.0"

"@solana/nominal-types@6.9.0":
  version "6.9.0"
  resolved "https://registry.npmjs.org/@solana/nominal-types/-/nominal-types-6.9.0.tgz"
  integrity sha512-ouhrnY7a6nsLXRGcariwcmHDdXroCNqOuzwtdjKt2c8e8Drwao9yxPH2VoViNgpq8IGNJeQMEI1TVnoJZRn0gw==

"@solana/offchain-messages@6.9.0":
  version "6.9.0"
  resolved "https://registry.npmjs.org/@solana/offchain-messages/-/offchain-messages-6.9.0.tgz"
  integrity sha512-qK3tqRPb+E0kmTz5qFXZbEdF4pyzfOWRZjyVESHVGemDDeGzZ1SV3zAxcA6HBCnv4wCBnlyaDPw8t+5sryNMAw==
  dependencies:
    "@solana/addresses" "6.9.0"
    "@solana/codecs-core" "6.9.0"
    "@solana/codecs-data-structures" "6.9.0"
    "@solana/codecs-numbers" "6.9.0"
    "@solana/codecs-strings" "6.9.0"
    "@solana/errors" "6.9.0"
    "@solana/keys" "6.9.0"
    "@solana/nominal-types" "6.9.0"

"@solana/options@6.9.0":
  version "6.9.0"
  resolved "https://registry.npmjs.org/@solana/options/-/options-6.9.0.tgz"
  integrity sha512-H5ZRWNzzLMwHU/fRU9aVx+3TaMN4gDNCUYxsZxq0h7mqiwxFy6mpy95xPsfdldthCHDYtYnUTxe2sBatGbNHig==
  dependencies:
    "@solana/codecs-core" "6.9.0"
    "@solana/codecs-data-structures" "6.9.0"
    "@solana/codecs-numbers" "6.9.0"
    "@solana/codecs-strings" "6.9.0"
    "@solana/errors" "6.9.0"

"@solana/plugin-core@6.9.0":
  version "6.9.0"
  resolved "https://registry.npmjs.org/@solana/plugin-core/-/plugin-core-6.9.0.tgz"
  integrity sha512-KslLSnzY8zbGZibEBVMVUm2ZS8T2xf+cut7F65VjWPoWNAxU+p7933wsMz/az6CF7b65RI7iU3HhCr5/5QF50w==

"@solana/plugin-interfaces@6.9.0":
  version "6.9.0"
  resolved "https://registry.npmjs.org/@solana/plugin-interfaces/-/plugin-interfaces-6.9.0.tgz"
  integrity sha512-Qj4sk9thkM1UgnFXvWIoezd/CbqpX/2jigLBDsMB5Ed/gmFlkBSTL127LFDSY3OtzBpXl4hROs+Zqv+5xqtguA==
  dependencies:
    "@solana/addresses" "6.9.0"
    "@solana/instruction-plans" "6.9.0"
    "@solana/keys" "6.9.0"
    "@solana/rpc-spec" "6.9.0"
    "@solana/rpc-subscriptions-spec" "6.9.0"
    "@solana/rpc-types" "6.9.0"
    "@solana/signers" "6.9.0"

"@solana/program-client-core@6.9.0":
  version "6.9.0"
  resolved "https://registry.npmjs.org/@solana/program-client-core/-/program-client-core-6.9.0.tgz"
  integrity sha512-+iUnsddhs72QoBJoUO+/yHUXoBvYWa1sGCBRJk35zeg8j7ZXEwRkk6eX0VOrUPxhEpQbYJsIOCrIYApNIt8RFw==
  dependencies:
    "@solana/accounts" "6.9.0"
    "@solana/addresses" "6.9.0"
    "@solana/codecs-core" "6.9.0"
    "@solana/errors" "6.9.0"
    "@solana/instruction-plans" "6.9.0"
    "@solana/instructions" "6.9.0"
    "@solana/plugin-interfaces" "6.9.0"
    "@solana/rpc-api" "6.9.0"
    "@solana/signers" "6.9.0"

"@solana/programs@6.9.0":
  version "6.9.0"
  resolved "https://registry.npmjs.org/@solana/programs/-/programs-6.9.0.tgz"
  integrity sha512-L9LAnQtfFFcCDLcbbnxhUtgAmu/kS4aRmrVncdnX5CFyQshlpo0/Qhrq3UA7vnhute4gjYV4pFT+64onH5qGEQ==
  dependencies:
    "@solana/addresses" "6.9.0"
    "@solana/errors" "6.9.0"

"@solana/promises@6.9.0":
  version "6.9.0"
  resolved "https://registry.npmjs.org/@solana/promises/-/promises-6.9.0.tgz"
  integrity sha512-227PlXRi6KZX4ODYTkJitr9InSa79NTquI72slay4gzxO9VmMepgvYdMAX6kawdN5pt+VzaklKhNhWXk50Pi9g==

"@solana/rpc-api@6.9.0":
  version "6.9.0"
  resolved "https://registry.npmjs.org/@solana/rpc-api/-/rpc-api-6.9.0.tgz"
  integrity sha512-3KhXS6A1ie6GqTywW/KEMSXJ1VJEU66fxjhuiiqPILuJstP7kex3ycr3H6DirKydUsy6gaKaPN43rE+LfyS7OA==
  dependencies:
    "@solana/addresses" "6.9.0"
    "@solana/codecs-core" "6.9.0"
    "@solana/codecs-strings" "6.9.0"
    "@solana/errors" "6.9.0"
    "@solana/keys" "6.9.0"
    "@solana/rpc-parsed-types" "6.9.0"
    "@solana/rpc-spec" "6.9.0"
    "@solana/rpc-transformers" "6.9.0"
    "@solana/rpc-types" "6.9.0"
    "@solana/transaction-messages" "6.9.0"
    "@solana/transactions" "6.9.0"

"@solana/rpc-parsed-types@6.9.0":
  version "6.9.0"
  resolved "https://registry.npmjs.org/@solana/rpc-parsed-types/-/rpc-parsed-types-6.9.0.tgz"
  integrity sha512-6ThH8izY+DWDyrVOOlS40vTcFjwjCinjfqnId7zhRk8OxhkfHQ/iEj+OnGwD4Yhe8pGdVa7GNVYlrQgQgzQ3eQ==

"@solana/rpc-spec-types@6.9.0":
  version "6.9.0"
  resolved "https://registry.npmjs.org/@solana/rpc-spec-types/-/rpc-spec-types-6.9.0.tgz"
  integrity sha512-A4fY1JRrcKqX3EfttO4Q8L97nGPqdjfekAV0eDyxN5nu9ngf5p7GKenkl7AYDoHLNr6ZX/C96cRADxXjsRJ0iA==

"@solana/rpc-spec@6.9.0":
  version "6.9.0"
  resolved "https://registry.npmjs.org/@solana/rpc-spec/-/rpc-spec-6.9.0.tgz"
  integrity sha512-3yHRoChc0IpsJbUq0/94l+ar3t9U3Ax58W0HON7eyYe7zFP10UAxpkHn7DPch9DeALyuGph8kVnvl+kXRgJlGg==
  dependencies:
    "@solana/errors" "6.9.0"
    "@solana/rpc-spec-types" "6.9.0"

"@solana/rpc-subscriptions-api@6.9.0":
  version "6.9.0"
  resolved "https://registry.npmjs.org/@solana/rpc-subscriptions-api/-/rpc-subscriptions-api-6.9.0.tgz"
  integrity sha512-UA/rPQeNx6zQMUFcS8PPPuB4vzUOtSzIY/igMH0DRoP020NyES2GguIb7Zo7sqDNi4n0gkQRhoW4dPVotcNKdA==
  dependencies:
    "@solana/addresses" "6.9.0"
    "@solana/keys" "6.9.0"
    "@solana/rpc-subscriptions-spec" "6.9.0"
    "@solana/rpc-transformers" "6.9.0"
    "@solana/rpc-types" "6.9.0"
    "@solana/transaction-messages" "6.9.0"
    "@solana/transactions" "6.9.0"

"@solana/rpc-subscriptions-channel-websocket@6.9.0":
  version "6.9.0"
  resolved "https://registry.npmjs.org/@solana/rpc-subscriptions-channel-websocket/-/rpc-subscriptions-channel-websocket-6.9.0.tgz"
  integrity sha512-kT8Yne9HjJD2gooaOFNSyKrvaIfOy2GR0Ymv8OfecBCwFStdz+SPo5eYXq8ZWoZbr5E/MMpHgqsHBanqa2Ffyg==
  dependencies:
    "@solana/errors" "6.9.0"
    "@solana/functional" "6.9.0"
    "@solana/rpc-subscriptions-spec" "6.9.0"
    "@solana/subscribable" "6.9.0"
    ws "^8.19.0"

"@solana/rpc-subscriptions-spec@6.9.0":
  version "6.9.0"
  resolved "https://registry.npmjs.org/@solana/rpc-subscriptions-spec/-/rpc-subscriptions-spec-6.9.0.tgz"
  integrity sha512-DbaG67s99vRZQxFMK80UQ7DEKkRJK6JEZeYg/U5UttD6n7ax/vct7qopxGnrt4RCkaaac2fU8Sr+fcnvWQweUg==
  dependencies:
    "@solana/errors" "6.9.0"
    "@solana/promises" "6.9.0"
    "@solana/rpc-spec-types" "6.9.0"
    "@solana/subscribable" "6.9.0"

"@solana/rpc-subscriptions@6.9.0":
  version "6.9.0"
  resolved "https://registry.npmjs.org/@solana/rpc-subscriptions/-/rpc-subscriptions-6.9.0.tgz"
  integrity sha512-IMctZQaMxzvRACQ6ooW98lP+7tVoUJnRgOZtkAdzgBizldQAYPIKd3MulP0jbQPCMfdPsa2Hs0NBcUwfgonq3w==
  dependencies:
    "@solana/errors" "6.9.0"
    "@solana/fast-stable-stringify" "6.9.0"
    "@solana/functional" "6.9.0"
    "@solana/promises" "6.9.0"
    "@solana/rpc-spec-types" "6.9.0"
    "@solana/rpc-subscriptions-api" "6.9.0"
    "@solana/rpc-subscriptions-channel-websocket" "6.9.0"
    "@solana/rpc-subscriptions-spec" "6.9.0"
    "@solana/rpc-transformers" "6.9.0"
    "@solana/rpc-types" "6.9.0"
    "@solana/subscribable" "6.9.0"

"@solana/rpc-transformers@6.9.0":
  version "6.9.0"
  resolved "https://registry.npmjs.org/@solana/rpc-transformers/-/rpc-transformers-6.9.0.tgz"
  integrity sha512-dg4LK2wEBpaY+KRk/SJIkYvrvjdsc1AwD4bkmGY4Fp7EwVlvwBQShAQn78Qi4IP0WQ/0n9ncFyUxgcB1Y01ZuQ==
  dependencies:
    "@solana/errors" "6.9.0"
    "@solana/functional" "6.9.0"
    "@solana/nominal-types" "6.9.0"
    "@solana/rpc-spec-types" "6.9.0"
    "@solana/rpc-types" "6.9.0"

"@solana/rpc-transport-http@6.9.0":
  version "6.9.0"
  resolved "https://registry.npmjs.org/@solana/rpc-transport-http/-/rpc-transport-http-6.9.0.tgz"
  integrity sha512-4gy30fWJcS6jrcXCoP/optFpGJ/gD9xdkE8wDbe1Ys/Y+e4XjyBt45xtTnbdmMdukvdRX+oXS3zgUIYoagpNzQ==
  dependencies:
    "@solana/errors" "6.9.0"
    "@solana/rpc-spec" "6.9.0"
    "@solana/rpc-spec-types" "6.9.0"
    undici-types "^8.2.0"

"@solana/rpc-types@6.9.0":
  version "6.9.0"
  resolved "https://registry.npmjs.org/@solana/rpc-types/-/rpc-types-6.9.0.tgz"
  integrity sha512-iFhPzZK3qiQ1lhfNTNBTI7BIs5PfWZSgRLD3enKm8ZAQggzvUklfO3KPh47jVsc/Jsr1UGPH8M3o3m17qjO1Cg==
  dependencies:
    "@solana/addresses" "6.9.0"
    "@solana/codecs-core" "6.9.0"
    "@solana/codecs-numbers" "6.9.0"
    "@solana/codecs-strings" "6.9.0"
    "@solana/errors" "6.9.0"
    "@solana/fixed-points" "6.9.0"
    "@solana/nominal-types" "6.9.0"

"@solana/rpc@6.9.0":
  version "6.9.0"
  resolved "https://registry.npmjs.org/@solana/rpc/-/rpc-6.9.0.tgz"
  integrity sha512-ny1Kt20+oq3xZErNA56+Magmb2JKYfQgHwZTsBmHKVl/9mBpv1y1+ygV+KNiiX/wWXWstLbdIo1jgPwZPbU2Vg==
  dependencies:
    "@solana/errors" "6.9.0"
    "@solana/fast-stable-stringify" "6.9.0"
    "@solana/functional" "6.9.0"
    "@solana/rpc-api" "6.9.0"
    "@solana/rpc-spec" "6.9.0"
    "@solana/rpc-spec-types" "6.9.0"
    "@solana/rpc-transformers" "6.9.0"
    "@solana/rpc-transport-http" "6.9.0"
    "@solana/rpc-types" "6.9.0"

"@solana/signers@6.9.0":
  version "6.9.0"
  resolved "https://registry.npmjs.org/@solana/signers/-/signers-6.9.0.tgz"
  integrity sha512-x7WyoRm9IORMqeSqNivZgyY+RERPkmqWxpINPD13kUH+oaZzonORIgxk2Lz+u5iPRXiJPkdRPrQ4FoFWv8i6kQ==
  dependencies:
    "@solana/addresses" "6.9.0"
    "@solana/codecs-core" "6.9.0"
    "@solana/errors" "6.9.0"
    "@solana/instructions" "6.9.0"
    "@solana/keys" "6.9.0"
    "@solana/nominal-types" "6.9.0"
    "@solana/offchain-messages" "6.9.0"
    "@solana/transaction-messages" "6.9.0"
    "@solana/transactions" "6.9.0"

"@solana/subscribable@6.9.0":
  version "6.9.0"
  resolved "https://registry.npmjs.org/@solana/subscribable/-/subscribable-6.9.0.tgz"
  integrity sha512-YV0/BrJNfepf10CTfLwD7kRY1kkELDHd+BbHJZhBeiuiXTY3xQTvvx1RFs3NtfFCcTHG25Uh8NpRacQJnxSSIQ==
  dependencies:
    "@solana/errors" "6.9.0"

"@solana/sysvars@6.9.0":
  version "6.9.0"
  resolved "https://registry.npmjs.org/@solana/sysvars/-/sysvars-6.9.0.tgz"
  integrity sha512-e0e+QKr/th9t/O2N1oUoJmcodLghzAtWKUlGb1zyYub0/WJrPImnKqJqp/gDP4tK98mJxopPMcprCeHk4B+TQg==
  dependencies:
    "@solana/accounts" "6.9.0"
    "@solana/codecs-core" "6.9.0"
    "@solana/codecs-data-structures" "6.9.0"
    "@solana/codecs-numbers" "6.9.0"
    "@solana/errors" "6.9.0"
    "@solana/rpc-types" "6.9.0"

"@solana/transaction-confirmation@6.9.0":
  version "6.9.0"
  resolved "https://registry.npmjs.org/@solana/transaction-confirmation/-/transaction-confirmation-6.9.0.tgz"
  integrity sha512-fzYCOih7hhtBzzNSkAnxMjeFeQ8U7e27k9i0RsgQc3/e3OCynF5HoIVNhhqZbwfIBKiaD4ginJR6slRnfqO32Q==
  dependencies:
    "@solana/addresses" "6.9.0"
    "@solana/codecs-strings" "6.9.0"
    "@solana/errors" "6.9.0"
    "@solana/keys" "6.9.0"
    "@solana/promises" "6.9.0"
    "@solana/rpc" "6.9.0"
    "@solana/rpc-subscriptions" "6.9.0"
    "@solana/rpc-types" "6.9.0"
    "@solana/transaction-messages" "6.9.0"
    "@solana/transactions" "6.9.0"

"@solana/transaction-messages@6.9.0":
  version "6.9.0"
  resolved "https://registry.npmjs.org/@solana/transaction-messages/-/transaction-messages-6.9.0.tgz"
  integrity sha512-OWpryt0w6SHlwHx12Vd1wvx2QwSGBXAIUEHTCtkctcM3AaZRy5cIl7CAq9iD5PgahUsaOyRLBV0zlCJcC2JrJA==
  dependencies:
    "@solana/addresses" "6.9.0"
    "@solana/codecs-core" "6.9.0"
    "@solana/codecs-data-structures" "6.9.0"
    "@solana/codecs-numbers" "6.9.0"
    "@solana/errors" "6.9.0"
    "@solana/functional" "6.9.0"
    "@solana/instructions" "6.9.0"
    "@solana/nominal-types" "6.9.0"
    "@solana/rpc-types" "6.9.0"

"@solana/transactions@6.9.0":
  version "6.9.0"
  resolved "https://registry.npmjs.org/@solana/transactions/-/transactions-6.9.0.tgz"
  integrity sha512-uKPzLwHbjwChfVl82he17ntkh02PfgnMMhN7uOAC+VbkIt1O+EEw8sX87gi6kdG/EV+QBDQXm9PLAo5W0tYylw==
  dependencies:
    "@solana/addresses" "6.9.0"
    "@solana/codecs-core" "6.9.0"
    "@solana/codecs-data-structures" "6.9.0"
    "@solana/codecs-numbers" "6.9.0"
    "@solana/codecs-strings" "6.9.0"
    "@solana/errors" "6.9.0"
    "@solana/functional" "6.9.0"
    "@solana/instructions" "6.9.0"
    "@solana/keys" "6.9.0"
    "@solana/nominal-types" "6.9.0"
    "@solana/rpc-types" "6.9.0"
    "@solana/transaction-messages" "6.9.0"

base-x@^5.0.0:
  version "5.0.1"
  resolved "https://registry.npmjs.org/base-x/-/base-x-5.0.1.tgz"
  integrity sha512-M7uio8Zt++eg3jPj+rHMfCC+IuygQHHCOU+IYsVtik6FWjuYpVt/+MRKcgsAMHh8mMFAwnB+Bs+mTrFiXjMzKg==

base64-js@^1.3.1:
  version "1.5.1"
  resolved "https://registry.npmjs.org/base64-js/-/base64-js-1.5.1.tgz"
  integrity sha512-AKpaYlHn8t4SVbOHCy+b5+KKgvR4vrsD8vbvrbiQJps7fKDTkjkDry6ji0rUJjC0kzbNePLwzxq8iypo41qeWA==

bs58@^6.0.0:
  version "6.0.0"
  resolved "https://registry.npmjs.org/bs58/-/bs58-6.0.0.tgz"
  integrity sha512-PD0wEnEYg6ijszw/u8s+iI3H17cTymlrwkKhDhPZq+Sokl3AU4htyBFTjAeNAlCCmg0f53g6ih3jATyCKftTfw==
  dependencies:
    base-x "^5.0.0"

buffer@^6.0.3:
  version "6.0.3"
  resolved "https://registry.npmjs.org/buffer/-/buffer-6.0.3.tgz"
  integrity sha512-FTiCpNxtwiZZHEZbcbTIcZjERVICn9yq/pDFkTl95/AxzD1naBctN7YO68riM/gLSDY7sdrMby8hofADYuuqOA==
  dependencies:
    base64-js "^1.3.1"
    ieee754 "^1.2.1"

chalk@5.6.2:
  version "5.6.2"
  resolved "https://registry.npmjs.org/chalk/-/chalk-5.6.2.tgz"
  integrity sha512-7NzBL0rN6fMUW+f7A6Io4h40qQlG+xGmtMxfbnH/K7TAtt8JQWVQK+6g0UXKMeVJoyV5EkkNsErQ8pVD3bLHbA==

commander@^12.1.0:
  version "12.1.0"
  resolved "https://registry.npmjs.org/commander/-/commander-12.1.0.tgz"
  integrity sha512-Vw8qHK3bZM9y/P10u3Vib8o/DdkvA2OtPtZvD871QKjy74Wj1WSKFILMPRPSdUSx5RFK1arlJzEtA4PkFgnbuA==

commander@14.0.3:
  version "14.0.3"
  resolved "https://registry.npmjs.org/commander/-/commander-14.0.3.tgz"
  integrity sha512-H+y0Jo/T1RZ9qPP4Eh1pkcQcLRglraJaSLoyOtHxu6AapkjWVCy2Sit1QQ4x3Dng8qDlSsZEet7g5Pq06MvTgw==

esbuild@^0.21.5:
  version "0.21.5"
  resolved "https://registry.npmjs.org/esbuild/-/esbuild-0.21.5.tgz"
  integrity sha512-mg3OPMV4hXywwpoDxu3Qda5xCKQi+vCTZq8S9J/EpkhB2HzKXq4SNFZE3+NK93JYxc8VMSep+lOUSC/RVKaBqw==
  optionalDependencies:
    "@esbuild/aix-ppc64" "0.21.5"
    "@esbuild/android-arm" "0.21.5"
    "@esbuild/android-arm64" "0.21.5"
    "@esbuild/android-x64" "0.21.5"
    "@esbuild/darwin-arm64" "0.21.5"
    "@esbuild/darwin-x64" "0.21.5"
    "@esbuild/freebsd-arm64" "0.21.5"
    "@esbuild/freebsd-x64" "0.21.5"
    "@esbuild/linux-arm" "0.21.5"
    "@esbuild/linux-arm64" "0.21.5"
    "@esbuild/linux-ia32" "0.21.5"
    "@esbuild/linux-loong64" "0.21.5"
    "@esbuild/linux-mips64el" "0.21.5"
    "@esbuild/linux-ppc64" "0.21.5"
    "@esbuild/linux-riscv64" "0.21.5"
    "@esbuild/linux-s390x" "0.21.5"
    "@esbuild/linux-x64" "0.21.5"
    "@esbuild/netbsd-x64" "0.21.5"
    "@esbuild/openbsd-x64" "0.21.5"
    "@esbuild/sunos-x64" "0.21.5"
    "@esbuild/win32-arm64" "0.21.5"
    "@esbuild/win32-ia32" "0.21.5"
    "@esbuild/win32-x64" "0.21.5"

events@^3.3.0:
  version "3.3.0"
  resolved "https://registry.npmjs.org/events/-/events-3.3.0.tgz"
  integrity sha512-mQw+2fkQbALzQ7V0MY0IqdnXNOeTtP4r0lN9z7AAawCXgqea7bDii20AYrIBrFd/Hx0M2Ocz6S111CaFkUcb0Q==

ieee754@^1.2.1:
  version "1.2.1"
  resolved "https://registry.npmjs.org/ieee754/-/ieee754-1.2.1.tgz"
  integrity sha512-dcyqhDvX1C46lXZcVqCpK+FtMRQVdIMN6/Df5js2zouUsqG7I6sFxitIC+7KYK29KdXOLHdu9zL4sFnoVQnqaA==

kleur@^3.0.3:
  version "3.0.3"
  resolved "https://registry.npmjs.org/kleur/-/kleur-3.0.3.tgz"
  integrity sha512-eTIzlVOSUR+JxdDFepEYcBMtZ9Qqdef+rnzWdRZuMbOywu5tO2w2N7rqjoANZ5k9vywhL6Br1VRjUIgTQx4E8w==

opossum@^9.0.0:
  version "9.0.0"
  resolved "https://registry.npmjs.org/opossum/-/opossum-9.0.0.tgz"
  integrity sha512-K76U0QkxOfUZamneQuzz+AP0fyfTJcCplZ2oZL93nxeupuJbN4s6uFNbmVCt4eWqqGqRnnowdFuBicJ1fLMVxw==

process@^0.11.10:
  version "0.11.10"
  resolved "https://registry.npmjs.org/process/-/process-0.11.10.tgz"
  integrity sha512-cdGef/drWFoydD1JsMzuFf8100nZl+GT+yacc2bEced5f9Rjk4z+WtFUTBu9PhOi9j/jfmBPu0mMEY4wIdAF8A==

prompts@^2.4.2:
  version "2.4.2"
  resolved "https://registry.npmjs.org/prompts/-/prompts-2.4.2.tgz"
  integrity sha512-NxNv/kLguCA7p3jE8oL2aEBsrJWgAakBpgmgK6lpPWV+WuOmY6r2/zbAVnP+T8bQlA0nzHXSJSJW0Hq7ylaD2Q==
  dependencies:
    kleur "^3.0.3"
    sisteransi "^1.0.5"

sisteransi@^1.0.5:
  version "1.0.5"
  resolved "https://registry.npmjs.org/sisteransi/-/sisteransi-1.0.5.tgz"
  integrity sha512-bLGGlR1QxBcynn2d5YmDX4MGjlZvy2MRBDRNHLJ8VI6l6+9FUiyTFNJ0IveOSP0bcXgVDPRcfGqA0pjaqUpfVg==

undici-types@^8.2.0:
  version "8.4.1"
  resolved "https://registry.npmjs.org/undici-types/-/undici-types-8.4.1.tgz"
  integrity sha512-iIXDNrTeaM0lDZvNUY1Urfs9dVgOWdQCkv6VMiePh644EKce0qoz6FNxxg7/DS4CxbFI36Atlz0VgHKS2qL1Dw==

ws@^8.19.0:
  version "8.21.0"
  resolved "https://registry.npmjs.org/ws/-/ws-8.21.0.tgz"
  integrity sha512-Vsp28b7DRcimFQvrqu2Wek3z1iYxDCWqHYB8Qsnk/S4RfaCQzPGPyBNuVjJV3cd6UiKtUtp6sNM77gWvzcCH+g==

zod@^3.25.76:
  version "3.25.76"
  resolved "https://registry.npmjs.org/zod/-/zod-3.25.76.tgz"
  integrity sha512-gzUt/qt81nXsFGKIFcC3YnfEAx5NkunCfnDlvuBSSFS02bcXu4Lmea0AFIUwbLWxWPx3d9p8S5QoaujKcNQxcQ==
