# Generated by pub
# See https://dart.dev/tools/pub/glossary#lockfile
packages:
  ardrive_io:
    dependency: "direct main"
    description:
      path: "."
      ref: "v1.4.5"
      resolved-ref: "286d6366ceffe44e21d1257507090f8b6ec8beaa"
      url: "https://github.com/ardriveapp/ardrive_io.git"
    source: git
    version: "1.4.5"
  async:
    dependency: transitive
    description:
      name: async
      sha256: "947bfcf187f74dbc5e146c9eb9c0f10c9f8b30743e341481c1e2ed3ecc18c20c"
      url: "https://pub.dev"
    source: hosted
    version: "2.11.0"
  boolean_selector:
    dependency: transitive
    description:
      name: boolean_selector
      sha256: "6cfb5af12253eaf2b368f07bacc5a80d1301a071c73360d746b7f2e32d762c66"
      url: "https://pub.dev"
    source: hosted
    version: "2.1.1"
  characters:
    dependency: transitive
    description:
      name: characters
      sha256: "04a925763edad70e8443c99234dc3328f442e811f1d8fd1a72f1c8ad0f69a605"
      url: "https://pub.dev"
    source: hosted
    version: "1.3.0"
  clock:
    dependency: transitive
    description:
      name: clock
      sha256: cb6d7f03e1de671e34607e909a7213e31d7752be4fb66a86d29fe1eb14bfb5cf
      url: "https://pub.dev"
    source: hosted
    version: "1.1.1"
  collection:
    dependency: transitive
    description:
      name: collection
      sha256: ee67cb0715911d28db6bf4af1026078bd6f0128b07a5f66fb2ed94ec6783c09a
      url: "https://pub.dev"
    source: hosted
    version: "1.18.0"
  cross_file:
    dependency: transitive
    description:
      name: cross_file
      sha256: fedaadfa3a6996f75211d835aaeb8fede285dae94262485698afd832371b9a5e
      url: "https://pub.dev"
    source: hosted
    version: "0.3.3+8"
  crypto:
    dependency: transitive
    description:
      name: crypto
      sha256: ff625774173754681d66daaf4a448684fb04b78f902da9cb3d308c19cc5e8bab
      url: "https://pub.dev"
    source: hosted
    version: "3.0.3"
  device_info_plus:
    dependency: transitive
    description:
      name: device_info_plus
      sha256: "0042cb3b2a76413ea5f8a2b40cec2a33e01d0c937e91f0f7c211fde4f7739ba6"
      url: "https://pub.dev"
    source: hosted
    version: "9.1.1"
  device_info_plus_platform_interface:
    dependency: transitive
    description:
      name: device_info_plus_platform_interface
      sha256: d3b01d5868b50ae571cd1dc6e502fc94d956b665756180f7b16ead09e836fd64
      url: "https://pub.dev"
    source: hosted
    version: "7.0.0"
  equatable:
    dependency: transitive
    description:
      name: equatable
      sha256: c2b87cb7756efdf69892005af546c56c0b5037f54d2a88269b4f347a505e3ca2
      url: "https://pub.dev"
    source: hosted
    version: "2.0.5"
  fake_async:
    dependency: transitive
    description:
      name: fake_async
      sha256: "511392330127add0b769b75a987850d136345d9227c6b94c96a04cf4a391bf78"
      url: "https://pub.dev"
    source: hosted
    version: "1.3.1"
  ffi:
    dependency: transitive
    description:
      name: ffi
      sha256: "7bf0adc28a23d395f19f3f1eb21dd7cfd1dd9f8e1c50051c069122e6853bc878"
      url: "https://pub.dev"
    source: hosted
    version: "2.1.0"
  file:
    dependency: transitive
    description:
      name: file
      sha256: "5fc22d7c25582e38ad9a8515372cd9a93834027aacf1801cf01164dac0ffa08c"
      url: "https://pub.dev"
    source: hosted
    version: "7.0.0"
  file_picker:
    dependency: transitive
    description:
      path: "."
      ref: master
      resolved-ref: "688300aaeae4dce397252d403800c92ee9523e95"
      url: "https://github.com/ardriveapp/flutter_file_picker"
    source: git
    version: "5.5.0"
  file_saver:
    dependency: transitive
    description:
      path: "."
      ref: fix-extension
      resolved-ref: "8f54519083145cdded6554c37e4050b71fac681e"
      url: "https://github.com/ardriveapp/file_saver"
    source: git
    version: "0.1.1"
  file_selector:
    dependency: transitive
    description:
      name: file_selector
      sha256: "070062b9fca7482baf60af671219086e188e50dd80497393e7d58532b56215d3"
      url: "https://pub.dev"
    source: hosted
    version: "1.0.2"
  file_selector_android:
    dependency: transitive
    description:
      name: file_selector_android
      sha256: "1cd66575f063b689e041aec836905ba7be18d76c9f0634d0d75daec825f67095"
      url: "https://pub.dev"
    source: hosted
    version: "0.5.0+7"
  file_selector_ios:
    dependency: transitive
    description:
      name: file_selector_ios
      sha256: b015154e6d9fddbc4d08916794df170b44531798c8dd709a026df162d07ad81d
      url: "https://pub.dev"
    source: hosted
    version: "0.5.1+8"
  file_selector_linux:
    dependency: transitive
    description:
      name: file_selector_linux
      sha256: "045d372bf19b02aeb69cacf8b4009555fb5f6f0b7ad8016e5f46dd1387ddd492"
      url: "https://pub.dev"
    source: hosted
    version: "0.9.2+1"
  file_selector_macos:
    dependency: transitive
    description:
      name: file_selector_macos
      sha256: b15c3da8bd4908b9918111fa486903f5808e388b8d1c559949f584725a6594d6
      url: "https://pub.dev"
    source: hosted
    version: "0.9.3+3"
  file_selector_platform_interface:
    dependency: transitive
    description:
      name: file_selector_platform_interface
      sha256: a3994c26f10378a039faa11de174d7b78eb8f79e4dd0af2a451410c1a5c3f66b
      url: "https://pub.dev"
    source: hosted
    version: "2.6.2"
  file_selector_web:
    dependency: transitive
    description:
      name: file_selector_web
      sha256: c0f025d460de3301b7bbbf837fc8d0759df85f182c635f1dd94934b4cdc92352
      url: "https://pub.dev"
    source: hosted
    version: "0.9.3"
  file_selector_windows:
    dependency: transitive
    description:
      name: file_selector_windows
      sha256: d3547240c20cabf205c7c7f01a50ecdbc413755814d6677f3cb366f04abcead0
      url: "https://pub.dev"
    source: hosted
    version: "0.9.3+1"
  file_system_access_api:
    dependency: transitive
    description:
      name: file_system_access_api
      sha256: bcbf061ce180dffcceed9faefab513e87bff1eef38c3ed99cf7c3bbbc65a34e1
      url: "https://pub.dev"
    source: hosted
    version: "1.1.0"
  fixnum:
    dependency: transitive
    description:
      name: fixnum
      sha256: "25517a4deb0c03aa0f32fd12db525856438902d9c16536311e76cdc57b31d7d1"
      url: "https://pub.dev"
    source: hosted
    version: "1.1.0"
  flutter:
    dependency: "direct main"
    description: flutter
    source: sdk
    version: "0.0.0"
  flutter_downloader:
    dependency: transitive
    description:
      name: flutter_downloader
      sha256: e130001cf85d8d7450b8318a4670c19e495dd8c102ad4b15a512e9405e7c451d
      url: "https://pub.dev"
    source: hosted
    version: "1.11.6"
  flutter_email_sender:
    dependency: "direct main"
    description:
      name: flutter_email_sender
      sha256: "5001e9158f91a8799140fb30a11ad89cd587244f30b4f848d87085985c49b60f"
      url: "https://pub.dev"
    source: hosted
    version: "6.0.2"
  flutter_lints:
    dependency: "direct dev"
    description:
      name: flutter_lints
      sha256: a25a15ebbdfc33ab1cd26c63a6ee519df92338a9c10f122adda92938253bef04
      url: "https://pub.dev"
    source: hosted
    version: "2.0.3"
  flutter_plugin_android_lifecycle:
    dependency: transitive
    description:
      name: flutter_plugin_android_lifecycle
      sha256: b068ffc46f82a55844acfa4fdbb61fad72fa2aef0905548419d97f0f95c456da
      url: "https://pub.dev"
    source: hosted
    version: "2.0.17"
  flutter_test:
    dependency: "direct dev"
    description: flutter
    source: sdk
    version: "0.0.0"
  flutter_web_plugins:
    dependency: transitive
    description: flutter
    source: sdk
    version: "0.0.0"
  http:
    dependency: transitive
    description:
      name: http
      sha256: a2bbf9d017fcced29139daa8ed2bba4ece450ab222871df93ca9eec6f80c34ba
      url: "https://pub.dev"
    source: hosted
    version: "1.2.0"
  http_parser:
    dependency: transitive
    description:
      name: http_parser
      sha256: "2aa08ce0341cc9b354a498388e30986515406668dbcc4f7c950c3e715496693b"
      url: "https://pub.dev"
    source: hosted
    version: "4.0.2"
  image_picker:
    dependency: transitive
    description:
      name: image_picker
      sha256: "26222b01a0c9a2c8fe02fc90b8208bd3325da5ed1f4a2acabf75939031ac0bdd"
      url: "https://pub.dev"
    source: hosted
    version: "1.0.7"
  image_picker_android:
    dependency: transitive
    description:
      name: image_picker_android
      sha256: "39f2bfe497e495450c81abcd44b62f56c2a36a37a175da7d137b4454977b51b1"
      url: "https://pub.dev"
    source: hosted
    version: "0.8.9+3"
  image_picker_for_web:
    dependency: transitive
    description:
      name: image_picker_for_web
      sha256: e2423c53a68b579a7c37a1eda967b8ae536c3d98518e5db95ca1fe5719a730a3
      url: "https://pub.dev"
    source: hosted
    version: "3.0.2"
  image_picker_ios:
    dependency: transitive
    description:
      name: image_picker_ios
      sha256: fadafce49e8569257a0cad56d24438a6fa1f0cbd7ee0af9b631f7492818a4ca3
      url: "https://pub.dev"
    source: hosted
    version: "0.8.9+1"
  image_picker_linux:
    dependency: transitive
    description:
      name: image_picker_linux
      sha256: "4ed1d9bb36f7cd60aa6e6cd479779cc56a4cb4e4de8f49d487b1aaad831300fa"
      url: "https://pub.dev"
    source: hosted
    version: "0.2.1+1"
  image_picker_macos:
    dependency: transitive
    description:
      name: image_picker_macos
      sha256: "3f5ad1e8112a9a6111c46d0b57a7be2286a9a07fc6e1976fdf5be2bd31d4ff62"
      url: "https://pub.dev"
    source: hosted
    version: "0.2.1+1"
  image_picker_platform_interface:
    dependency: transitive
    description:
      name: image_picker_platform_interface
      sha256: fa4e815e6fcada50e35718727d83ba1c92f1edf95c0b4436554cec301b56233b
      url: "https://pub.dev"
    source: hosted
    version: "2.9.3"
  image_picker_windows:
    dependency: transitive
    description:
      name: image_picker_windows
      sha256: "6ad07afc4eb1bc25f3a01084d28520496c4a3bb0cb13685435838167c9dcedeb"
      url: "https://pub.dev"
    source: hosted
    version: "0.2.1+1"
  js:
    dependency: transitive
    description:
      name: js
      sha256: f2c445dce49627136094980615a031419f7f3eb393237e4ecd97ac15dea343f3
      url: "https://pub.dev"
    source: hosted
    version: "0.6.7"
  lints:
    dependency: transitive
    description:
      name: lints
      sha256: "0a217c6c989d21039f1498c3ed9f3ed71b354e69873f13a8dfc3c9fe76f1b452"
      url: "https://pub.dev"
    source: hosted
    version: "2.1.1"
  matcher:
    dependency: transitive
    description:
      name: matcher
      sha256: "1803e76e6653768d64ed8ff2e1e67bea3ad4b923eb5c56a295c3e634bad5960e"
      url: "https://pub.dev"
    source: hosted
    version: "0.12.16"
  material_color_utilities:
    dependency: transitive
    description:
      name: material_color_utilities
      sha256: "9528f2f296073ff54cb9fee677df673ace1218163c3bc7628093e7eed5203d41"
      url: "https://pub.dev"
    source: hosted
    version: "0.5.0"
  meta:
    dependency: transitive
    description:
      name: meta
      sha256: a6e590c838b18133bb482a2745ad77c5bb7715fb0451209e1a7567d416678b8e
      url: "https://pub.dev"
    source: hosted
    version: "1.10.0"
  mime:
    dependency: transitive
    description:
      name: mime
      sha256: "2e123074287cc9fd6c09de8336dae606d1ddb88d9ac47358826db698c176a1f2"
      url: "https://pub.dev"
    source: hosted
    version: "1.0.5"
  mocktail:
    dependency: "direct main"
    description:
      name: mocktail
      sha256: c4b5007d91ca4f67256e720cb1b6d704e79a510183a12fa551021f652577dce6
      url: "https://pub.dev"
    source: hosted
    version: "1.0.3"
  package_info_plus:
    dependency: transitive
    description:
      name: package_info_plus
      sha256: "88bc797f44a94814f2213db1c9bd5badebafdfb8290ca9f78d4b9ee2a3db4d79"
      url: "https://pub.dev"
    source: hosted
    version: "5.0.1"
  package_info_plus_platform_interface:
    dependency: transitive
    description:
      name: package_info_plus_platform_interface
      sha256: "9bc8ba46813a4cc42c66ab781470711781940780fd8beddd0c3da62506d3a6c6"
      url: "https://pub.dev"
    source: hosted
    version: "2.0.1"
  path:
    dependency: transitive
    description:
      name: path
      sha256: "8829d8a55c13fc0e37127c29fedf290c102f4e40ae94ada574091fe0ff96c917"
      url: "https://pub.dev"
    source: hosted
    version: "1.8.3"
  path_provider:
    dependency: transitive
    description:
      name: path_provider
      sha256: b27217933eeeba8ff24845c34003b003b2b22151de3c908d0e679e8fe1aa078b
      url: "https://pub.dev"
    source: hosted
    version: "2.1.2"
  path_provider_android:
    dependency: transitive
    description:
      name: path_provider_android
      sha256: "477184d672607c0a3bf68fbbf601805f92ef79c82b64b4d6eb318cbca4c48668"
      url: "https://pub.dev"
    source: hosted
    version: "2.2.2"
  path_provider_foundation:
    dependency: transitive
    description:
      name: path_provider_foundation
      sha256: "5a7999be66e000916500be4f15a3633ebceb8302719b47b9cc49ce924125350f"
      url: "https://pub.dev"
    source: hosted
    version: "2.3.2"
  path_provider_linux:
    dependency: transitive
    description:
      name: path_provider_linux
      sha256: f7a1fe3a634fe7734c8d3f2766ad746ae2a2884abe22e241a8b301bf5cac3279
      url: "https://pub.dev"
    source: hosted
    version: "2.2.1"
  path_provider_platform_interface:
    dependency: transitive
    description:
      name: path_provider_platform_interface
      sha256: "88f5779f72ba699763fa3a3b06aa4bf6de76c8e5de842cf6f29e2e06476c2334"
      url: "https://pub.dev"
    source: hosted
    version: "2.1.2"
  path_provider_windows:
    dependency: transitive
    description:
      name: path_provider_windows
      sha256: "8bc9f22eee8690981c22aa7fc602f5c85b497a6fb2ceb35ee5a5e5ed85ad8170"
      url: "https://pub.dev"
    source: hosted
    version: "2.2.1"
  permission_handler:
    dependency: transitive
    description:
      name: permission_handler
      sha256: "45ff3fbcb99040fde55c528d5e3e6ca29171298a85436274d49c6201002087d6"
      url: "https://pub.dev"
    source: hosted
    version: "11.2.0"
  permission_handler_android:
    dependency: transitive
    description:
      name: permission_handler_android
      sha256: "758284a0976772f9c744d6384fc5dc4834aa61e3f7aa40492927f244767374eb"
      url: "https://pub.dev"
    source: hosted
    version: "12.0.3"
  permission_handler_apple:
    dependency: transitive
    description:
      name: permission_handler_apple
      sha256: c6bf440f80acd2a873d3d91a699e4cc770f86e7e6b576dda98759e8b92b39830
      url: "https://pub.dev"
    source: hosted
    version: "9.3.0"
  permission_handler_html:
    dependency: transitive
    description:
      name: permission_handler_html
      sha256: "54bf176b90f6eddd4ece307e2c06cf977fb3973719c35a93b85cc7093eb6070d"
      url: "https://pub.dev"
    source: hosted
    version: "0.1.1"
  permission_handler_platform_interface:
    dependency: transitive
    description:
      name: permission_handler_platform_interface
      sha256: "5c43148f2bfb6d14c5a8162c0a712afe891f2d847f35fcff29c406b37da43c3c"
      url: "https://pub.dev"
    source: hosted
    version: "4.1.0"
  permission_handler_windows:
    dependency: transitive
    description:
      name: permission_handler_windows
      sha256: "1a790728016f79a41216d88672dbc5df30e686e811ad4e698bfc51f76ad91f1e"
      url: "https://pub.dev"
    source: hosted
    version: "0.2.1"
  platform:
    dependency: transitive
    description:
      name: platform
      sha256: "12220bb4b65720483f8fa9450b4332347737cf8213dd2840d8b2c823e47243ec"
      url: "https://pub.dev"
    source: hosted
    version: "3.1.4"
  plugin_platform_interface:
    dependency: transitive
    description:
      name: plugin_platform_interface
      sha256: "4820fbfdb9478b1ebae27888254d445073732dae3d6ea81f0b7e06d5dedc3f02"
      url: "https://pub.dev"
    source: hosted
    version: "2.1.8"
  security_scoped_resource:
    dependency: transitive
    description:
      name: security_scoped_resource
      sha256: "82279652f4932530f67cf848a55117bb2dcb5a542cb95a84b6ee78ecec9ee31f"
      url: "https://pub.dev"
    source: hosted
    version: "0.0.2"
  sentry:
    dependency: transitive
    description:
      name: sentry
      sha256: "5686ed515bb620dc52b4ae99a6586fe720d443591183cf1f620ec5d1f0eec100"
      url: "https://pub.dev"
    source: hosted
    version: "7.15.0"
  sentry_flutter:
    dependency: "direct main"
    description:
      name: sentry_flutter
      sha256: "505dec3b6810562785d2c34ae871c73ff2cba6cf436c32c188f0464df226ba8f"
      url: "https://pub.dev"
    source: hosted
    version: "7.15.0"
  share_plus:
    dependency: "direct main"
    description:
      name: share_plus
      sha256: f74fc3f1cbd99f39760182e176802f693fa0ec9625c045561cfad54681ea93dd
      url: "https://pub.dev"
    source: hosted
    version: "7.2.1"
  share_plus_platform_interface:
    dependency: transitive
    description:
      name: share_plus_platform_interface
      sha256: df08bc3a07d01f5ea47b45d03ffcba1fa9cd5370fb44b3f38c70e42cced0f956
      url: "https://pub.dev"
    source: hosted
    version: "3.3.1"
  sky_engine:
    dependency: transitive
    description: flutter
    source: sdk
    version: "0.0.99"
  source_span:
    dependency: transitive
    description:
      name: source_span
      sha256: "53e943d4206a5e30df338fd4c6e7a077e02254531b138a15aec3bd143c1a8b3c"
      url: "https://pub.dev"
    source: hosted
    version: "1.10.0"
  sprintf:
    dependency: transitive
    description:
      name: sprintf
      sha256: "1fc9ffe69d4df602376b52949af107d8f5703b77cda567c4d7d86a0693120f23"
      url: "https://pub.dev"
    source: hosted
    version: "7.0.0"
  stack_trace:
    dependency: transitive
    description:
      name: stack_trace
      sha256: "73713990125a6d93122541237550ee3352a2d84baad52d375a4cad2eb9b7ce0b"
      url: "https://pub.dev"
    source: hosted
    version: "1.11.1"
  stream_channel:
    dependency: transitive
    description:
      name: stream_channel
      sha256: ba2aa5d8cc609d96bbb2899c28934f9e1af5cddbd60a827822ea467161eb54e7
      url: "https://pub.dev"
    source: hosted
    version: "2.1.2"
  string_scanner:
    dependency: transitive
    description:
      name: string_scanner
      sha256: "556692adab6cfa87322a115640c11f13cb77b3f076ddcc5d6ae3c20242bedcde"
      url: "https://pub.dev"
    source: hosted
    version: "1.2.0"
  term_glyph:
    dependency: transitive
    description:
      name: term_glyph
      sha256: a29248a84fbb7c79282b40b8c72a1209db169a2e0542bce341da992fe1bc7e84
      url: "https://pub.dev"
    source: hosted
    version: "1.2.1"
  test_api:
    dependency: transitive
    description:
      name: test_api
      sha256: "5c2f730018264d276c20e4f1503fd1308dfbbae39ec8ee63c5236311ac06954b"
      url: "https://pub.dev"
    source: hosted
    version: "0.6.1"
  typed_data:
    dependency: transitive
    description:
      name: typed_data
      sha256: facc8d6582f16042dd49f2463ff1bd6e2c9ef9f3d5da3d9b087e244a7b564b3c
      url: "https://pub.dev"
    source: hosted
    version: "1.3.2"
  url_launcher_linux:
    dependency: transitive
    description:
      name: url_launcher_linux
      sha256: ab360eb661f8879369acac07b6bb3ff09d9471155357da8443fd5d3cf7363811
      url: "https://pub.dev"
    source: hosted
    version: "3.1.1"
  url_launcher_platform_interface:
    dependency: transitive
    description:
      name: url_launcher_platform_interface
      sha256: a932c3a8082e118f80a475ce692fde89dc20fddb24c57360b96bc56f7035de1f
      url: "https://pub.dev"
    source: hosted
    version: "2.3.1"
  url_launcher_web:
    dependency: transitive
    description:
      name: url_launcher_web
      sha256: fff0932192afeedf63cdd50ecbb1bc825d31aed259f02bb8dba0f3b729a5e88b
      url: "https://pub.dev"
    source: hosted
    version: "2.2.3"
  url_launcher_windows:
    dependency: transitive
    description:
      name: url_launcher_windows
      sha256: ecf9725510600aa2bb6d7ddabe16357691b6d2805f66216a97d1b881e21beff7
      url: "https://pub.dev"
    source: hosted
    version: "3.1.1"
  uuid:
    dependency: transitive
    description:
      name: uuid
      sha256: cd210a09f7c18cbe5a02511718e0334de6559871052c90a90c0cca46a4aa81c8
      url: "https://pub.dev"
    source: hosted
    version: "4.3.3"
  vector_math:
    dependency: transitive
    description:
      name: vector_math
      sha256: "80b3257d1492ce4d091729e3a67a60407d227c27241d6927be0130c98e741803"
      url: "https://pub.dev"
    source: hosted
    version: "2.1.4"
  web:
    dependency: transitive
    description:
      name: web
      sha256: afe077240a270dcfd2aafe77602b4113645af95d0ad31128cc02bce5ac5d5152
      url: "https://pub.dev"
    source: hosted
    version: "0.3.0"
  win32:
    dependency: transitive
    description:
      name: win32
      sha256: "464f5674532865248444b4c3daca12bd9bf2d7c47f759ce2617986e7229494a8"
      url: "https://pub.dev"
    source: hosted
    version: "5.2.0"
  win32_registry:
    dependency: transitive
    description:
      name: win32_registry
      sha256: "41fd8a189940d8696b1b810efb9abcf60827b6cbfab90b0c43e8439e3a39d85a"
      url: "https://pub.dev"
    source: hosted
    version: "1.1.2"
  xdg_directories:
    dependency: transitive
    description:
      name: xdg_directories
      sha256: faea9dee56b520b55a566385b84f2e8de55e7496104adada9962e0bd11bcff1d
      url: "https://pub.dev"
    source: hosted
    version: "1.0.4"
sdks:
  dart: ">=3.2.0 <4.0.0"
  flutter: ">=3.16.0"
